
Microsoft Visual Studio Solution File, Format Version 12.00
# Visual Studio Version 17
VisualStudioVersion = 17.5.002.0
MinimumVisualStudioVersion = 10.0.40219.1
Project("{9A19103F-16F7-4668-BE54-9A1E7A4F7556}") = "web-site", "web-site.csproj", "{163931BF-CF48-49E4-BCB2-877AA8D62643}"
EndProject
Global
	GlobalSection(SolutionConfigurationPlatforms) = preSolution
		Debug|Any CPU = Debug|Any CPU
		Release|Any CPU = Release|Any CPU
	EndGlobalSection
	GlobalSection(ProjectConfigurationPlatforms) = postSolution
		{163931BF-CF48-49E4-BCB2-877AA8D62643}.Debug|Any CPU.ActiveCfg = Debug|Any CPU
		{163931BF-CF48-49E4-BCB2-877AA8D62643}.Debug|Any CPU.Build.0 = Debug|Any CPU
		{163931BF-CF48-49E4-BCB2-877AA8D62643}.Release|Any CPU.ActiveCfg = Release|Any CPU
		{163931BF-CF48-49E4-BCB2-877AA8D62643}.Release|Any CPU.Build.0 = Release|Any CPU
	EndGlobalSection
	GlobalSection(SolutionProperties) = preSolution
		HideSolutionNode = FALSE
	EndGlobalSection
	GlobalSection(ExtensibilityGlobals) = postSolution
		SolutionGuid = {82523DB3-C698-4D00-82C7-0A61FECD2A35}
	EndGlobalSection
EndGlobal
